
Microsoft Visual Studio Solution File, Format Version 12.00
# Visual Studio Version 17
VisualStudioVersion = 17.0.31919.166
MinimumVisualStudioVersion = 10.0.40219.1
Project("{9A19103F-16F7-4668-BE54-9A1E7A4F7556}") = "WebApiAutores", "WebApiAutores\WebApiAutores.csproj", "{A68AE38D-055D-4CDB-8A60-18AA5C6D337E}"
EndProject
Project("{FAE04EC0-301F-11D3-BF4B-00C04F79EFBC}") = "WebApiAutores.Test", "WebApiAutores.Test\WebApiAutores.Test.csproj", "{5DE8F392-3220-4391-9AC0-5824A121C398}"
EndProject
Global
	GlobalSection(SolutionConfigurationPlatforms) = preSolution
		Debug|Any CPU = Debug|Any CPU
		Release|Any CPU = Release|Any CPU
	EndGlobalSection
	GlobalSection(ProjectConfigurationPlatforms) = postSolution
		{A68AE38D-055D-4CDB-8A60-18AA5C6D337E}.Debug|Any CPU.ActiveCfg = Debug|Any CPU
		{A68AE38D-055D-4CDB-8A60-18AA5C6D337E}.Debug|Any CPU.Build.0 = Debug|Any CPU
		{A68AE38D-055D-4CDB-8A60-18AA5C6D337E}.Release|Any CPU.ActiveCfg = Release|Any CPU
		{A68AE38D-055D-4CDB-8A60-18AA5C6D337E}.Release|Any CPU.Build.0 = Release|Any CPU
		{5DE8F392-3220-4391-9AC0-5824A121C398}.Debug|Any CPU.ActiveCfg = Debug|Any CPU
		{5DE8F392-3220-4391-9AC0-5824A121C398}.Debug|Any CPU.Build.0 = Debug|Any CPU
		{5DE8F392-3220-4391-9AC0-5824A121C398}.Release|Any CPU.ActiveCfg = Release|Any CPU
		{5DE8F392-3220-4391-9AC0-5824A121C398}.Release|Any CPU.Build.0 = Release|Any CPU
	EndGlobalSection
	GlobalSection(SolutionProperties) = preSolution
		HideSolutionNode = FALSE
	EndGlobalSection
	GlobalSection(ExtensibilityGlobals) = postSolution
		SolutionGuid = {69A8F95D-E609-43DE-942A-941D26E3E096}
	EndGlobalSection
EndGlobal
